// !$*UTF8*$!
{
	archiveVersion = 1;
	classes = {
	};
	objectVersion = 50;
	objects = {

/* Begin PBXBuildFile section */
		AC9E563C231AA2C500EFEABE /* AppDelegate.swift in Sources */ = {isa = PBXBuildFile; fileRef = AC9E563B231AA2C500EFEABE /* AppDelegate.swift */; };
		AC9E563E231AA2C500EFEABE /* ViewController.swift in Sources */ = {isa = PBXBuildFile; fileRef = AC9E563D231AA2C500EFEABE /* ViewController.swift */; };
		AC9E5641231AA2C500EFEABE /* Main.storyboard in Resources */ = {isa = PBXBuildFile; fileRef = AC9E563F231AA2C500EFEABE /* Main.storyboard */; };
		AC9E5643231AA2CC00EFEABE /* Assets.xcassets in Resources */ = {isa = PBXBuildFile; fileRef = AC9E5642231AA2CC00EFEABE /* Assets.xcassets */; };
		AC9E5646231AA2CC00EFEABE /* LaunchScreen.storyboard in Resources */ = {isa = PBXBuildFile; fileRef = AC9E5644231AA2CC00EFEABE /* LaunchScreen.storyboard */; };
		AC9E564B231AA2CC00EFEABE /* NoPonto WatchKit App.app in Embed Watch Content */ = {isa = PBXBuildFile; fileRef = AC9E564A231AA2CC00EFEABE /* NoPonto WatchKit App.app */; };
		AC9E5651231AA2CC00EFEABE /* Interface.storyboard in Resources */ = {isa = PBXBuildFile; fileRef = AC9E564F231AA2CC00EFEABE /* Interface.storyboard */; };
		AC9E5653231AA2CC00EFEABE /* Assets.xcassets in Resources */ = {isa = PBXBuildFile; fileRef = AC9E5652231AA2CC00EFEABE /* Assets.xcassets */; };
		AC9E565A231AA2CC00EFEABE /* NoPonto WatchKit Extension.appex in Embed App Extensions */ = {isa = PBXBuildFile; fileRef = AC9E5659231AA2CC00EFEABE /* NoPonto WatchKit Extension.appex */; settings = {ATTRIBUTES = (RemoveHeadersOnCopy, ); }; };
		AC9E565F231AA2CC00EFEABE /* InterfaceController.swift in Sources */ = {isa = PBXBuildFile; fileRef = AC9E565E231AA2CC00EFEABE /* InterfaceController.swift */; };
		AC9E5661231AA2CC00EFEABE /* ExtensionDelegate.swift in Sources */ = {isa = PBXBuildFile; fileRef = AC9E5660231AA2CC00EFEABE /* ExtensionDelegate.swift */; };
		AC9E5663231AA2CC00EFEABE /* NotificationController.swift in Sources */ = {isa = PBXBuildFile; fileRef = AC9E5662231AA2CC00EFEABE /* NotificationController.swift */; };
		AC9E5665231AA2CD00EFEABE /* Assets.xcassets in Resources */ = {isa = PBXBuildFile; fileRef = AC9E5664231AA2CD00EFEABE /* Assets.xcassets */; };
/* End PBXBuildFile section */

/* Begin PBXContainerItemProxy section */
		AC9E564C231AA2CC00EFEABE /* PBXContainerItemProxy */ = {
			isa = PBXContainerItemProxy;
			containerPortal = AC9E5630231AA2C500EFEABE /* Project object */;
			proxyType = 1;
			remoteGlobalIDString = AC9E5649231AA2CC00EFEABE;
			remoteInfo = "NoPonto WatchKit App";
		};
		AC9E565B231AA2CC00EFEABE /* PBXContainerItemProxy */ = {
			isa = PBXContainerItemProxy;
			containerPortal = AC9E5630231AA2C500EFEABE /* Project object */;
			proxyType = 1;
			remoteGlobalIDString = AC9E5658231AA2CC00EFEABE;
			remoteInfo = "NoPonto WatchKit Extension";
		};
/* End PBXContainerItemProxy section */

/* Begin PBXCopyFilesBuildPhase section */
		AC9E566D231AA2CD00EFEABE /* Embed App Extensions */ = {
			isa = PBXCopyFilesBuildPhase;
			buildActionMask = 2147483647;
			dstPath = "";
			dstSubfolderSpec = 13;
			files = (
				AC9E565A231AA2CC00EFEABE /* NoPonto WatchKit Extension.appex in Embed App Extensions */,
			);
			name = "Embed App Extensions";
			runOnlyForDeploymentPostprocessing = 0;
		};
		AC9E5671231AA2CD00EFEABE /* Embed Watch Content */ = {
			isa = PBXCopyFilesBuildPhase;
			buildActionMask = 2147483647;
			dstPath = "$(CONTENTS_FOLDER_PATH)/Watch";
			dstSubfolderSpec = 16;
			files = (
				AC9E564B231AA2CC00EFEABE /* NoPonto WatchKit App.app in Embed Watch Content */,
			);
			name = "Embed Watch Content";
			runOnlyForDeploymentPostprocessing = 0;
		};
/* End PBXCopyFilesBuildPhase section */

/* Begin PBXFileReference section */
		AC9E5638231AA2C500EFEABE /* NoPonto.app */ = {isa = PBXFileReference; explicitFileType = wrapper.application; includeInIndex = 0; path = NoPonto.app; sourceTree = BUILT_PRODUCTS_DIR; };
		AC9E563B231AA2C500EFEABE /* AppDelegate.swift */ = {isa = PBXFileReference; lastKnownFileType = sourcecode.swift; path = AppDelegate.swift; sourceTree = "<group>"; };
		AC9E563D231AA2C500EFEABE /* ViewController.swift */ = {isa = PBXFileReference; lastKnownFileType = sourcecode.swift; path = ViewController.swift; sourceTree = "<group>"; };
		AC9E5640231AA2C500EFEABE /* Base */ = {isa = PBXFileReference; lastKnownFileType = file.storyboard; name = Base; path = Base.lproj/Main.storyboard; sourceTree = "<group>"; };
		AC9E5642231AA2CC00EFEABE /* Assets.xcassets */ = {isa = PBXFileReference; lastKnownFileType = folder.assetcatalog; path = Assets.xcassets; sourceTree = "<group>"; };
		AC9E5645231AA2CC00EFEABE /* Base */ = {isa = PBXFileReference; lastKnownFileType = file.storyboard; name = Base; path = Base.lproj/LaunchScreen.storyboard; sourceTree = "<group>"; };
		AC9E5647231AA2CC00EFEABE /* Info.plist */ = {isa = PBXFileReference; lastKnownFileType = text.plist.xml; path = Info.plist; sourceTree = "<group>"; };
		AC9E564A231AA2CC00EFEABE /* NoPonto WatchKit App.app */ = {isa = PBXFileReference; explicitFileType = wrapper.application; includeInIndex = 0; path = "NoPonto WatchKit App.app"; sourceTree = BUILT_PRODUCTS_DIR; };
		AC9E5650231AA2CC00EFEABE /* Base */ = {isa = PBXFileReference; lastKnownFileType = file.storyboard; name = Base; path = Base.lproj/Interface.storyboard; sourceTree = "<group>"; };
		AC9E5652231AA2CC00EFEABE /* Assets.xcassets */ = {isa = PBXFileReference; lastKnownFileType = folder.assetcatalog; path = Assets.xcassets; sourceTree = "<group>"; };
		AC9E5654231AA2CC00EFEABE /* Info.plist */ = {isa = PBXFileReference; lastKnownFileType = text.plist.xml; path = Info.plist; sourceTree = "<group>"; };
		AC9E5659231AA2CC00EFEABE /* NoPonto WatchKit Extension.appex */ = {isa = PBXFileReference; explicitFileType = "wrapper.app-extension"; includeInIndex = 0; path = "NoPonto WatchKit Extension.appex"; sourceTree = BUILT_PRODUCTS_DIR; };
		AC9E565E231AA2CC00EFEABE /* InterfaceController.swift */ = {isa = PBXFileReference; lastKnownFileType = sourcecode.swift; path = InterfaceController.swift; sourceTree = "<group>"; };
		AC9E5660231AA2CC00EFEABE /* ExtensionDelegate.swift */ = {isa = PBXFileReference; lastKnownFileType = sourcecode.swift; path = ExtensionDelegate.swift; sourceTree = "<group>"; };
		AC9E5662231AA2CC00EFEABE /* NotificationController.swift */ = {isa = PBXFileReference; lastKnownFileType = sourcecode.swift; path = NotificationController.swift; sourceTree = "<group>"; };
		AC9E5664231AA2CD00EFEABE /* Assets.xcassets */ = {isa = PBXFileReference; lastKnownFileType = folder.assetcatalog; path = Assets.xcassets; sourceTree = "<group>"; };
		AC9E5666231AA2CD00EFEABE /* Info.plist */ = {isa = PBXFileReference; lastKnownFileType = text.plist.xml; path = Info.plist; sourceTree = "<group>"; };
		AC9E5667231AA2CD00EFEABE /* PushNotificationPayload.apns */ = {isa = PBXFileReference; lastKnownFileType = text; path = PushNotificationPayload.apns; sourceTree = "<group>"; };
/* End PBXFileReference section */

/* Begin PBXFrameworksBuildPhase section */
		AC9E5635231AA2C500EFEABE /* Frameworks */ = {
			isa = PBXFrameworksBuildPhase;
			buildActionMask = 2147483647;
			files = (
			);
			runOnlyForDeploymentPostprocessing = 0;
		};
		AC9E5656231AA2CC00EFEABE /* Frameworks */ = {
			isa = PBXFrameworksBuildPhase;
			buildActionMask = 2147483647;
			files = (
			);
			runOnlyForDeploymentPostprocessing = 0;
		};
/* End PBXFrameworksBuildPhase section */

/* Begin PBXGroup section */
		AC9E562F231AA2C500EFEABE = {
			isa = PBXGroup;
			children = (
				AC9E563A231AA2C500EFEABE /* NoPonto */,
				AC9E564E231AA2CC00EFEABE /* NoPonto WatchKit App */,
				AC9E565D231AA2CC00EFEABE /* NoPonto WatchKit Extension */,
				AC9E5639231AA2C500EFEABE /* Products */,
			);
			sourceTree = "<group>";
		};
		AC9E5639231AA2C500EFEABE /* Products */ = {
			isa = PBXGroup;
			children = (
				AC9E5638231AA2C500EFEABE /* NoPonto.app */,
				AC9E564A231AA2CC00EFEABE /* NoPonto WatchKit App.app */,
				AC9E5659231AA2CC00EFEABE /* NoPonto WatchKit Extension.appex */,
			);
			name = Products;
			sourceTree = "<group>";
		};
		AC9E563A231AA2C500EFEABE /* NoPonto */ = {
			isa = PBXGroup;
			children = (
				AC9E563B231AA2C500EFEABE /* AppDelegate.swift */,
				AC9E563D231AA2C500EFEABE /* ViewController.swift */,
				AC9E563F231AA2C500EFEABE /* Main.storyboard */,
				AC9E5642231AA2CC00EFEABE /* Assets.xcassets */,
				AC9E5644231AA2CC00EFEABE /* LaunchScreen.storyboard */,
				AC9E5647231AA2CC00EFEABE /* Info.plist */,
			);
			path = NoPonto;
			sourceTree = "<group>";
		};
		AC9E564E231AA2CC00EFEABE /* NoPonto WatchKit App */ = {
			isa = PBXGroup;
			children = (
				AC9E564F231AA2CC00EFEABE /* Interface.storyboard */,
				AC9E5652231AA2CC00EFEABE /* Assets.xcassets */,
				AC9E5654231AA2CC00EFEABE /* Info.plist */,
			);
			path = "NoPonto WatchKit App";
			sourceTree = "<group>";
		};
		AC9E565D231AA2CC00EFEABE /* NoPonto WatchKit Extension */ = {
			isa = PBXGroup;
			children = (
				AC9E565E231AA2CC00EFEABE /* InterfaceController.swift */,
				AC9E5660231AA2CC00EFEABE /* ExtensionDelegate.swift */,
				AC9E5662231AA2CC00EFEABE /* NotificationController.swift */,
				AC9E5664231AA2CD00EFEABE /* Assets.xcassets */,
				AC9E5666231AA2CD00EFEABE /* Info.plist */,
				AC9E5667231AA2CD00EFEABE /* PushNotificationPayload.apns */,
			);
			path = "NoPonto WatchKit Extension";
			sourceTree = "<group>";
		};
/* End PBXGroup section */

/* Begin PBXNativeTarget section */
		AC9E5637231AA2C500EFEABE /* NoPonto */ = {
			isa = PBXNativeTarget;
			buildConfigurationList = AC9E5672231AA2CD00EFEABE /* Build configuration list for PBXNativeTarget "NoPonto" */;
			buildPhases = (
				AC9E5634231AA2C500EFEABE /* Sources */,
				AC9E5635231AA2C500EFEABE /* Frameworks */,
				AC9E5636231AA2C500EFEABE /* Resources */,
				AC9E5671231AA2CD00EFEABE /* Embed Watch Content */,
			);
			buildRules = (
			);
			dependencies = (
				AC9E564D231AA2CC00EFEABE /* PBXTargetDependency */,
			);
			name = NoPonto;
			productName = NoPonto;
			productReference = AC9E5638231AA2C500EFEABE /* NoPonto.app */;
			productType = "com.apple.product-type.application";
		};
		AC9E5649231AA2CC00EFEABE /* NoPonto WatchKit App */ = {
			isa = PBXNativeTarget;
			buildConfigurationList = AC9E566E231AA2CD00EFEABE /* Build configuration list for PBXNativeTarget "NoPonto WatchKit App" */;
			buildPhases = (
				AC9E5648231AA2CC00EFEABE /* Resources */,
				AC9E566D231AA2CD00EFEABE /* Embed App Extensions */,
			);
			buildRules = (
			);
			dependencies = (
				AC9E565C231AA2CC00EFEABE /* PBXTargetDependency */,
			);
			name = "NoPonto WatchKit App";
			productName = "NoPonto WatchKit App";
			productReference = AC9E564A231AA2CC00EFEABE /* NoPonto WatchKit App.app */;
			productType = "com.apple.product-type.application.watchapp2";
		};
		AC9E5658231AA2CC00EFEABE /* NoPonto WatchKit Extension */ = {
			isa = PBXNativeTarget;
			buildConfigurationList = AC9E566A231AA2CD00EFEABE /* Build configuration list for PBXNativeTarget "NoPonto WatchKit Extension" */;
			buildPhases = (
				AC9E5655231AA2CC00EFEABE /* Sources */,
				AC9E5656231AA2CC00EFEABE /* Frameworks */,
				AC9E5657231AA2CC00EFEABE /* Resources */,
			);
			buildRules = (
			);
			dependencies = (
			);
			name = "NoPonto WatchKit Extension";
			productName = "NoPonto WatchKit Extension";
			productReference = AC9E5659231AA2CC00EFEABE /* NoPonto WatchKit Extension.appex */;
			productType = "com.apple.product-type.watchkit2-extension";
		};
/* End PBXNativeTarget section */

/* Begin PBXProject section */
		AC9E5630231AA2C500EFEABE /* Project object */ = {
			isa = PBXProject;
			attributes = {
				LastSwiftUpdateCheck = 1020;
				LastUpgradeCheck = 1020;
				ORGANIZATIONNAME = "Usuário Convidado";
				TargetAttributes = {
					AC9E5637231AA2C500EFEABE = {
						CreatedOnToolsVersion = 10.2.1;
					};
					AC9E5649231AA2CC00EFEABE = {
						CreatedOnToolsVersion = 10.2.1;
					};
					AC9E5658231AA2CC00EFEABE = {
						CreatedOnToolsVersion = 10.2.1;
					};
				};
			};
			buildConfigurationList = AC9E5633231AA2C500EFEABE /* Build configuration list for PBXProject "NoPonto" */;
			compatibilityVersion = "Xcode 9.3";
			developmentRegion = en;
			hasScannedForEncodings = 0;
			knownRegions = (
				en,
				Base,
			);
			mainGroup = AC9E562F231AA2C500EFEABE;
			productRefGroup = AC9E5639231AA2C500EFEABE /* Products */;
			projectDirPath = "";
			projectRoot = "";
			targets = (
				AC9E5637231AA2C500EFEABE /* NoPonto */,
				AC9E5649231AA2CC00EFEABE /* NoPonto WatchKit App */,
				AC9E5658231AA2CC00EFEABE /* NoPonto WatchKit Extension */,
			);
		};
/* End PBXProject section */

/* Begin PBXResourcesBuildPhase section */
		AC9E5636231AA2C500EFEABE /* Resources */ = {
			isa = PBXResourcesBuildPhase;
			buildActionMask = 2147483647;
			files = (
				AC9E5646231AA2CC00EFEABE /* LaunchScreen.storyboard in Resources */,
				AC9E5643231AA2CC00EFEABE /* Assets.xcassets in Resources */,
				AC9E5641231AA2C500EFEABE /* Main.storyboard in Resources */,
			);
			runOnlyForDeploymentPostprocessing = 0;
		};
		AC9E5648231AA2CC00EFEABE /* Resources */ = {
			isa = PBXResourcesBuildPhase;
			buildActionMask = 2147483647;
			files = (
				AC9E5653231AA2CC00EFEABE /* Assets.xcassets in Resources */,
				AC9E5651231AA2CC00EFEABE /* Interface.storyboard in Resources */,
			);
			runOnlyForDeploymentPostprocessing = 0;
		};
		AC9E5657231AA2CC00EFEABE /* Resources */ = {
			isa = PBXResourcesBuildPhase;
			buildActionMask = 2147483647;
			files = (
				AC9E5665231AA2CD00EFEABE /* Assets.xcassets in Resources */,
			);
			runOnlyForDeploymentPostprocessing = 0;
		};
/* End PBXResourcesBuildPhase section */

/* Begin PBXSourcesBuildPhase section */
		AC9E5634231AA2C500EFEABE /* Sources */ = {
			isa = PBXSourcesBuildPhase;
			buildActionMask = 2147483647;
			files = (
				AC9E563E231AA2C500EFEABE /* ViewController.swift in Sources */,
				AC9E563C231AA2C500EFEABE /* AppDelegate.swift in Sources */,
			);
			runOnlyForDeploymentPostprocessing = 0;
		};
		AC9E5655231AA2CC00EFEABE /* Sources */ = {
			isa = PBXSourcesBuildPhase;
			buildActionMask = 2147483647;
			files = (
				AC9E5663231AA2CC00EFEABE /* NotificationController.swift in Sources */,
				AC9E5661231AA2CC00EFEABE /* ExtensionDelegate.swift in Sources */,
				AC9E565F231AA2CC00EFEABE /* InterfaceController.swift in Sources */,
			);
			runOnlyForDeploymentPostprocessing = 0;
		};
/* End PBXSourcesBuildPhase section */

/* Begin PBXTargetDependency section */
		AC9E564D231AA2CC00EFEABE /* PBXTargetDependency */ = {
			isa = PBXTargetDependency;
			target = AC9E5649231AA2CC00EFEABE /* NoPonto WatchKit App */;
			targetProxy = AC9E564C231AA2CC00EFEABE /* PBXContainerItemProxy */;
		};
		AC9E565C231AA2CC00EFEABE /* PBXTargetDependency */ = {
			isa = PBXTargetDependency;
			target = AC9E5658231AA2CC00EFEABE /* NoPonto WatchKit Extension */;
			targetProxy = AC9E565B231AA2CC00EFEABE /* PBXContainerItemProxy */;
		};
/* End PBXTargetDependency section */

/* Begin PBXVariantGroup section */
		AC9E563F231AA2C500EFEABE /* Main.storyboard */ = {
			isa = PBXVariantGroup;
			children = (
				AC9E5640231AA2C500EFEABE /* Base */,
			);
			name = Main.storyboard;
			sourceTree = "<group>";
		};
		AC9E5644231AA2CC00EFEABE /* LaunchScreen.storyboard */ = {
			isa = PBXVariantGroup;
			children = (
				AC9E5645231AA2CC00EFEABE /* Base */,
			);
			name = LaunchScreen.storyboard;
			sourceTree = "<group>";
		};
		AC9E564F231AA2CC00EFEABE /* Interface.storyboard */ = {
			isa = PBXVariantGroup;
			children = (
				AC9E5650231AA2CC00EFEABE /* Base */,
			);
			name = Interface.storyboard;
			sourceTree = "<group>";
		};
/* End PBXVariantGroup section */

/* Begin XCBuildConfiguration section */
		AC9E5668231AA2CD00EFEABE /* Debug */ = {
			isa = XCBuildConfiguration;
			buildSettings = {
				ALWAYS_SEARCH_USER_PATHS = NO;
				CLANG_ANALYZER_NONNULL = YES;
				CLANG_ANALYZER_NUMBER_OBJECT_CONVERSION = YES_AGGRESSIVE;
				CLANG_CXX_LANGUAGE_STANDARD = "gnu++14";
				CLANG_CXX_LIBRARY = "libc++";
				CLANG_ENABLE_MODULES = YES;
				CLANG_ENABLE_OBJC_ARC = YES;
				CLANG_ENABLE_OBJC_WEAK = YES;
				CLANG_WARN_BLOCK_CAPTURE_AUTORELEASING = YES;
				CLANG_WARN_BOOL_CONVERSION = YES;
				CLANG_WARN_COMMA = YES;
				CLANG_WARN_CONSTANT_CONVERSION = YES;
				CLANG_WARN_DEPRECATED_OBJC_IMPLEMENTATIONS = YES;
				CLANG_WARN_DIRECT_OBJC_ISA_USAGE = YES_ERROR;
				CLANG_WARN_DOCUMENTATION_COMMENTS = YES;
				CLANG_WARN_EMPTY_BODY = YES;
				CLANG_WARN_ENUM_CONVERSION = YES;
				CLANG_WARN_INFINITE_RECURSION = YES;
				CLANG_WARN_INT_CONVERSION = YES;
				CLANG_WARN_NON_LITERAL_NULL_CONVERSION = YES;
				CLANG_WARN_OBJC_IMPLICIT_RETAIN_SELF = YES;
				CLANG_WARN_OBJC_LITERAL_CONVERSION = YES;
				CLANG_WARN_OBJC_ROOT_CLASS = YES_ERROR;
				CLANG_WARN_RANGE_LOOP_ANALYSIS = YES;
				CLANG_WARN_STRICT_PROTOTYPES = YES;
				CLANG_WARN_SUSPICIOUS_MOVE = YES;
				CLANG_WARN_UNGUARDED_AVAILABILITY = YES_AGGRESSIVE;
				CLANG_WARN_UNREACHABLE_CODE = YES;
				CLANG_WARN__DUPLICATE_METHOD_MATCH = YES;
				CODE_SIGN_IDENTITY = "iPhone Developer";
				COPY_PHASE_STRIP = NO;
				DEBUG_INFORMATION_FORMAT = dwarf;
				ENABLE_STRICT_OBJC_MSGSEND = YES;
				ENABLE_TESTABILITY = YES;
				GCC_C_LANGUAGE_STANDARD = gnu11;
				GCC_DYNAMIC_NO_PIC = NO;
				GCC_NO_COMMON_BLOCKS = YES;
				GCC_OPTIMIZATION_LEVEL = 0;
				GCC_PREPROCESSOR_DEFINITIONS = (
					"DEBUG=1",
					"$(inherited)",
				);
				GCC_WARN_64_TO_32_BIT_CONVERSION = YES;
				GCC_WARN_ABOUT_RETURN_TYPE = YES_ERROR;
				GCC_WARN_UNDECLARED_SELECTOR = YES;
				GCC_WARN_UNINITIALIZED_AUTOS = YES_AGGRESSIVE;
				GCC_WARN_UNUSED_FUNCTION = YES;
				GCC_WARN_UNUSED_VARIABLE = YES;
				IPHONEOS_DEPLOYMENT_TARGET = 12.2;
				MTL_ENABLE_DEBUG_INFO = INCLUDE_SOURCE;
				MTL_FAST_MATH = YES;
				ONLY_ACTIVE_ARCH = YES;
				SDKROOT = iphoneos;
				SWIFT_ACTIVE_COMPILATION_CONDITIONS = DEBUG;
				SWIFT_OPTIMIZATION_LEVEL = "-Onone";
			};
			name = Debug;
		};
		AC9E5669231AA2CD00EFEABE /* Release */ = {
			isa = XCBuildConfiguration;
			buildSettings = {
				ALWAYS_SEARCH_USER_PATHS = NO;
				CLANG_ANALYZER_NONNULL = YES;
				CLANG_ANALYZER_NUMBER_OBJECT_CONVERSION = YES_AGGRESSIVE;
				CLANG_CXX_LANGUAGE_STANDARD = "gnu++14";
				CLANG_CXX_LIBRARY = "libc++";
				CLANG_ENABLE_MODULES = YES;
				CLANG_ENABLE_OBJC_ARC = YES;
				CLANG_ENABLE_OBJC_WEAK = YES;
				CLANG_WARN_BLOCK_CAPTURE_AUTORELEASING = YES;
				CLANG_WARN_BOOL_CONVERSION = YES;
				CLANG_WARN_COMMA = YES;
				CLANG_WARN_CONSTANT_CONVERSION = YES;
				CLANG_WARN_DEPRECATED_OBJC_IMPLEMENTATIONS = YES;
				CLANG_WARN_DIRECT_OBJC_ISA_USAGE = YES_ERROR;
				CLANG_WARN_DOCUMENTATION_COMMENTS = YES;
				CLANG_WARN_EMPTY_BODY = YES;
				CLANG_WARN_ENUM_CONVERSION = YES;
				CLANG_WARN_INFINITE_RECURSION = YES;
				CLANG_WARN_INT_CONVERSION = YES;
				CLANG_WARN_NON_LITERAL_NULL_CONVERSION = YES;
				CLANG_WARN_OBJC_IMPLICIT_RETAIN_SELF = YES;
				CLANG_WARN_OBJC_LITERAL_CONVERSION = YES;
				CLANG_WARN_OBJC_ROOT_CLASS = YES_ERROR;
				CLANG_WARN_RANGE_LOOP_ANALYSIS = YES;
				CLANG_WARN_STRICT_PROTOTYPES = YES;
				CLANG_WARN_SUSPICIOUS_MOVE = YES;
				CLANG_WARN_UNGUARDED_AVAILABILITY = YES_AGGRESSIVE;
				CLANG_WARN_UNREACHABLE_CODE = YES;
				CLANG_WARN__DUPLICATE_METHOD_MATCH = YES;
				CODE_SIGN_IDENTITY = "iPhone Developer";
				COPY_PHASE_STRIP = NO;
				DEBUG_INFORMATION_FORMAT = "dwarf-with-dsym";
				ENABLE_NS_ASSERTIONS = NO;
				ENABLE_STRICT_OBJC_MSGSEND = YES;
				GCC_C_LANGUAGE_STANDARD = gnu11;
				GCC_NO_COMMON_BLOCKS = YES;
				GCC_WARN_64_TO_32_BIT_CONVERSION = YES;
				GCC_WARN_ABOUT_RETURN_TYPE = YES_ERROR;
				GCC_WARN_UNDECLARED_SELECTOR = YES;
				GCC_WARN_UNINITIALIZED_AUTOS = YES_AGGRESSIVE;
				GCC_WARN_UNUSED_FUNCTION = YES;
				GCC_WARN_UNUSED_VARIABLE = YES;
				IPHONEOS_DEPLOYMENT_TARGET = 12.2;
				MTL_ENABLE_DEBUG_INFO = NO;
				MTL_FAST_MATH = YES;
				SDKROOT = iphoneos;
				SWIFT_COMPILATION_MODE = wholemodule;
				SWIFT_OPTIMIZATION_LEVEL = "-O";
				VALIDATE_PRODUCT = YES;
			};
			name = Release;
		};
		AC9E566B231AA2CD00EFEABE /* Debug */ = {
			isa = XCBuildConfiguration;
			buildSettings = {
				ASSETCATALOG_COMPILER_COMPLICATION_NAME = Complication;
				CODE_SIGN_STYLE = Automatic;
				INFOPLIST_FILE = "NoPonto WatchKit Extension/Info.plist";
				LD_RUNPATH_SEARCH_PATHS = (
					"$(inherited)",
					"@executable_path/Frameworks",
					"@executable_path/../../Frameworks",
				);
				PRODUCT_BUNDLE_IDENTIFIER = fiap.br.com.manasses.NoPonto.watchkitapp.watchkitextension;
				PRODUCT_NAME = "${TARGET_NAME}";
				SDKROOT = watchos;
				SKIP_INSTALL = YES;
				SWIFT_VERSION = 5.0;
				TARGETED_DEVICE_FAMILY = 4;
				WATCHOS_DEPLOYMENT_TARGET = 5.2;
			};
			name = Debug;
		};
		AC9E566C231AA2CD00EFEABE /* Release */ = {
			isa = XCBuildConfiguration;
			buildSettings = {
				ASSETCATALOG_COMPILER_COMPLICATION_NAME = Complication;
				CODE_SIGN_STYLE = Automatic;
				INFOPLIST_FILE = "NoPonto WatchKit Extension/Info.plist";
				LD_RUNPATH_SEARCH_PATHS = (
					"$(inherited)",
					"@executable_path/Frameworks",
					"@executable_path/../../Frameworks",
				);
				PRODUCT_BUNDLE_IDENTIFIER = fiap.br.com.manasses.NoPonto.watchkitapp.watchkitextension;
				PRODUCT_NAME = "${TARGET_NAME}";
				SDKROOT = watchos;
				SKIP_INSTALL = YES;
				SWIFT_VERSION = 5.0;
				TARGETED_DEVICE_FAMILY = 4;
				WATCHOS_DEPLOYMENT_TARGET = 5.2;
			};
			name = Release;
		};
		AC9E566F231AA2CD00EFEABE /* Debug */ = {
			isa = XCBuildConfiguration;
			buildSettings = {
				ALWAYS_EMBED_SWIFT_STANDARD_LIBRARIES = YES;
				ASSETCATALOG_COMPILER_APPICON_NAME = AppIcon;
				CODE_SIGN_STYLE = Automatic;
				IBSC_MODULE = NoPonto_WatchKit_Extension;
				INFOPLIST_FILE = "NoPonto WatchKit App/Info.plist";
				PRODUCT_BUNDLE_IDENTIFIER = fiap.br.com.manasses.NoPonto.watchkitapp;
				PRODUCT_NAME = "$(TARGET_NAME)";
				SDKROOT = watchos;
				SKIP_INSTALL = YES;
				SWIFT_VERSION = 5.0;
				TARGETED_DEVICE_FAMILY = 4;
				WATCHOS_DEPLOYMENT_TARGET = 5.2;
			};
			name = Debug;
		};
		AC9E5670231AA2CD00EFEABE /* Release */ = {
			isa = XCBuildConfiguration;
			buildSettings = {
				ALWAYS_EMBED_SWIFT_STANDARD_LIBRARIES = YES;
				ASSETCATALOG_COMPILER_APPICON_NAME = AppIcon;
				CODE_SIGN_STYLE = Automatic;
				IBSC_MODULE = NoPonto_WatchKit_Extension;
				INFOPLIST_FILE = "NoPonto WatchKit App/Info.plist";
				PRODUCT_BUNDLE_IDENTIFIER = fiap.br.com.manasses.NoPonto.watchkitapp;
				PRODUCT_NAME = "$(TARGET_NAME)";
				SDKROOT = watchos;
				SKIP_INSTALL = YES;
				SWIFT_VERSION = 5.0;
				TARGETED_DEVICE_FAMILY = 4;
				WATCHOS_DEPLOYMENT_TARGET = 5.2;
			};
			name = Release;
		};
		AC9E5673231AA2CD00EFEABE /* Debug */ = {
			isa = XCBuildConfiguration;
			buildSettings = {
				ASSETCATALOG_COMPILER_APPICON_NAME = AppIcon;
				CODE_SIGN_STYLE = Automatic;
				INFOPLIST_FILE = NoPonto/Info.plist;
				LD_RUNPATH_SEARCH_PATHS = (
					"$(inherited)",
					"@executable_path/Frameworks",
				);
				PRODUCT_BUNDLE_IDENTIFIER = fiap.br.com.manasses.NoPonto;
				PRODUCT_NAME = "$(TARGET_NAME)";
				SWIFT_VERSION = 5.0;
				TARGETED_DEVICE_FAMILY = "1,2";
			};
			name = Debug;
		};
		AC9E5674231AA2CD00EFEABE /* Release */ = {
			isa = XCBuildConfiguration;
			buildSettings = {
				ASSETCATALOG_COMPILER_APPICON_NAME = AppIcon;
				CODE_SIGN_STYLE = Automatic;
				INFOPLIST_FILE = NoPonto/Info.plist;
				LD_RUNPATH_SEARCH_PATHS = (
					"$(inherited)",
					"@executable_path/Frameworks",
				);
				PRODUCT_BUNDLE_IDENTIFIER = fiap.br.com.manasses.NoPonto;
				PRODUCT_NAME = "$(TARGET_NAME)";
				SWIFT_VERSION = 5.0;
				TARGETED_DEVICE_FAMILY = "1,2";
			};
			name = Release;
		};
/* End XCBuildConfiguration section */

/* Begin XCConfigurationList section */
		AC9E5633231AA2C500EFEABE /* Build configuration list for PBXProject "NoPonto" */ = {
			isa = XCConfigurationList;
			buildConfigurations = (
				AC9E5668231AA2CD00EFEABE /* Debug */,
				AC9E5669231AA2CD00EFEABE /* Release */,
			);
			defaultConfigurationIsVisible = 0;
			defaultConfigurationName = Release;
		};
		AC9E566A231AA2CD00EFEABE /* Build configuration list for PBXNativeTarget "NoPonto WatchKit Extension" */ = {
			isa = XCConfigurationList;
			buildConfigurations = (
				AC9E566B231AA2CD00EFEABE /* Debug */,
				AC9E566C231AA2CD00EFEABE /* Release */,
			);
			defaultConfigurationIsVisible = 0;
			defaultConfigurationName = Release;
		};
		AC9E566E231AA2CD00EFEABE /* Build configuration list for PBXNativeTarget "NoPonto WatchKit App" */ = {
			isa = XCConfigurationList;
			buildConfigurations = (
				AC9E566F231AA2CD00EFEABE /* Debug */,
				AC9E5670231AA2CD00EFEABE /* Release */,
			);
			defaultConfigurationIsVisible = 0;
			defaultConfigurationName = Release;
		};
		AC9E5672231AA2CD00EFEABE /* Build configuration list for PBXNativeTarget "NoPonto" */ = {
			isa = XCConfigurationList;
			buildConfigurations = (
				AC9E5673231AA2CD00EFEABE /* Debug */,
				AC9E5674231AA2CD00EFEABE /* Release */,
			);
			defaultConfigurationIsVisible = 0;
			defaultConfigurationName = Release;
		};
/* End XCConfigurationList section */
	};
	rootObject = AC9E5630231AA2C500EFEABE /* Project object */;
}
